
Microsoft Visual Studio Solution File, Format Version 12.00
# Visual Studio Version 17
VisualStudioVersion = 17.0.31903.59
MinimumVisualStudioVersion = 10.0.40219.1
Project("{8BC9CEB8-8B4A-11D0-8D11-00A0C91BC942}") = "The_Satisfiability_Problem", "The_Satisfiability_Problem\The_Satisfiability_Problem.vcxproj", "{317FF74A-F5CD-47F6-98B2-A8EA1E806CAA}"
EndProject
Project("{8BC9CEB8-8B4A-11D0-8D11-00A0C91BC942}") = "Max_Heap", "Max_Heap\Max_Heap.vcxproj", "{6DB21779-E287-4599-8B6A-BBA217737126}"
EndProject
Project("{8BC9CEB8-8B4A-11D0-8D11-00A0C91BC942}") = "Binary_Search_Tree", "Binary_Search_Tree\Binary_Search_Tree.vcxproj", "{701F5E4D-2186-4C5B-A94B-68AA1BF23703}"
EndProject
Project("{8BC9CEB8-8B4A-11D0-8D11-00A0C91BC942}") = "Depth_First_Search", "Depth_First_Search\Depth_First_Search.vcxproj", "{5CB1A748-BFC3-4821-928D-AE72E695A616}"
EndProject
Project("{8BC9CEB8-8B4A-11D0-8D11-00A0C91BC942}") = "Insertion_Sort", "Insertion_Sort\Insertion_Sort.vcxproj", "{70B7E916-9C74-415E-B256-4259BC616C5A}"
EndProject
Project("{8BC9CEB8-8B4A-11D0-8D11-00A0C91BC942}") = "Quick_Sort", "Quick_Sort\Quick_Sort.vcxproj", "{ADCC0B3D-54AE-4E42-9EBC-8A6EC2174CF4}"
EndProject
Project("{8BC9CEB8-8B4A-11D0-8D11-00A0C91BC942}") = "Merge_Sort", "Merge_Sort\Merge_Sort.vcxproj", "{CC70E8BF-E4B8-4738-9EBF-C63099962AD5}"
EndProject
Project("{8BC9CEB8-8B4A-11D0-8D11-00A0C91BC942}") = "Static_Hashing", "Static_Hashing\Static_Hashing.vcxproj", "{D28BF512-E27A-48F4-9010-2E810E16FFD5}"
EndProject
Global
	GlobalSection(SolutionConfigurationPlatforms) = preSolution
		Debug|x64 = Debug|x64
		Debug|x86 = Debug|x86
		Release|x64 = Release|x64
		Release|x86 = Release|x86
	EndGlobalSection
	GlobalSection(ProjectConfigurationPlatforms) = postSolution
		{317FF74A-F5CD-47F6-98B2-A8EA1E806CAA}.Debug|x64.ActiveCfg = Debug|x64
		{317FF74A-F5CD-47F6-98B2-A8EA1E806CAA}.Debug|x64.Build.0 = Debug|x64
		{317FF74A-F5CD-47F6-98B2-A8EA1E806CAA}.Debug|x86.ActiveCfg = Debug|Win32
		{317FF74A-F5CD-47F6-98B2-A8EA1E806CAA}.Debug|x86.Build.0 = Debug|Win32
		{317FF74A-F5CD-47F6-98B2-A8EA1E806CAA}.Release|x64.ActiveCfg = Release|x64
		{317FF74A-F5CD-47F6-98B2-A8EA1E806CAA}.Release|x64.Build.0 = Release|x64
		{317FF74A-F5CD-47F6-98B2-A8EA1E806CAA}.Release|x86.ActiveCfg = Release|Win32
		{317FF74A-F5CD-47F6-98B2-A8EA1E806CAA}.Release|x86.Build.0 = Release|Win32
		{6DB21779-E287-4599-8B6A-BBA217737126}.Debug|x64.ActiveCfg = Debug|x64
		{6DB21779-E287-4599-8B6A-BBA217737126}.Debug|x64.Build.0 = Debug|x64
		{6DB21779-E287-4599-8B6A-BBA217737126}.Debug|x86.ActiveCfg = Debug|Win32
		{6DB21779-E287-4599-8B6A-BBA217737126}.Debug|x86.Build.0 = Debug|Win32
		{6DB21779-E287-4599-8B6A-BBA217737126}.Release|x64.ActiveCfg = Release|x64
		{6DB21779-E287-4599-8B6A-BBA217737126}.Release|x64.Build.0 = Release|x64
		{6DB21779-E287-4599-8B6A-BBA217737126}.Release|x86.ActiveCfg = Release|Win32
		{6DB21779-E287-4599-8B6A-BBA217737126}.Release|x86.Build.0 = Release|Win32
		{701F5E4D-2186-4C5B-A94B-68AA1BF23703}.Debug|x64.ActiveCfg = Debug|x64
		{701F5E4D-2186-4C5B-A94B-68AA1BF23703}.Debug|x64.Build.0 = Debug|x64
		{701F5E4D-2186-4C5B-A94B-68AA1BF23703}.Debug|x86.ActiveCfg = Debug|Win32
		{701F5E4D-2186-4C5B-A94B-68AA1BF23703}.Debug|x86.Build.0 = Debug|Win32
		{701F5E4D-2186-4C5B-A94B-68AA1BF23703}.Release|x64.ActiveCfg = Release|x64
		{701F5E4D-2186-4C5B-A94B-68AA1BF23703}.Release|x64.Build.0 = Release|x64
		{701F5E4D-2186-4C5B-A94B-68AA1BF23703}.Release|x86.ActiveCfg = Release|Win32
		{701F5E4D-2186-4C5B-A94B-68AA1BF23703}.Release|x86.Build.0 = Release|Win32
		{5CB1A748-BFC3-4821-928D-AE72E695A616}.Debug|x64.ActiveCfg = Debug|x64
		{5CB1A748-BFC3-4821-928D-AE72E695A616}.Debug|x64.Build.0 = Debug|x64
		{5CB1A748-BFC3-4821-928D-AE72E695A616}.Debug|x86.ActiveCfg = Debug|Win32
		{5CB1A748-BFC3-4821-928D-AE72E695A616}.Debug|x86.Build.0 = Debug|Win32
		{5CB1A748-BFC3-4821-928D-AE72E695A616}.Release|x64.ActiveCfg = Release|x64
		{5CB1A748-BFC3-4821-928D-AE72E695A616}.Release|x64.Build.0 = Release|x64
		{5CB1A748-BFC3-4821-928D-AE72E695A616}.Release|x86.ActiveCfg = Release|Win32
		{5CB1A748-BFC3-4821-928D-AE72E695A616}.Release|x86.Build.0 = Release|Win32
		{70B7E916-9C74-415E-B256-4259BC616C5A}.Debug|x64.ActiveCfg = Debug|x64
		{70B7E916-9C74-415E-B256-4259BC616C5A}.Debug|x64.Build.0 = Debug|x64
		{70B7E916-9C74-415E-B256-4259BC616C5A}.Debug|x86.ActiveCfg = Debug|Win32
		{70B7E916-9C74-415E-B256-4259BC616C5A}.Debug|x86.Build.0 = Debug|Win32
		{70B7E916-9C74-415E-B256-4259BC616C5A}.Release|x64.ActiveCfg = Release|x64
		{70B7E916-9C74-415E-B256-4259BC616C5A}.Release|x64.Build.0 = Release|x64
		{70B7E916-9C74-415E-B256-4259BC616C5A}.Release|x86.ActiveCfg = Release|Win32
		{70B7E916-9C74-415E-B256-4259BC616C5A}.Release|x86.Build.0 = Release|Win32
		{ADCC0B3D-54AE-4E42-9EBC-8A6EC2174CF4}.Debug|x64.ActiveCfg = Debug|x64
		{ADCC0B3D-54AE-4E42-9EBC-8A6EC2174CF4}.Debug|x64.Build.0 = Debug|x64
		{ADCC0B3D-54AE-4E42-9EBC-8A6EC2174CF4}.Debug|x86.ActiveCfg = Debug|Win32
		{ADCC0B3D-54AE-4E42-9EBC-8A6EC2174CF4}.Debug|x86.Build.0 = Debug|Win32
		{ADCC0B3D-54AE-4E42-9EBC-8A6EC2174CF4}.Release|x64.ActiveCfg = Release|x64
		{ADCC0B3D-54AE-4E42-9EBC-8A6EC2174CF4}.Release|x64.Build.0 = Release|x64
		{ADCC0B3D-54AE-4E42-9EBC-8A6EC2174CF4}.Release|x86.ActiveCfg = Release|Win32
		{ADCC0B3D-54AE-4E42-9EBC-8A6EC2174CF4}.Release|x86.Build.0 = Release|Win32
		{CC70E8BF-E4B8-4738-9EBF-C63099962AD5}.Debug|x64.ActiveCfg = Debug|x64
		{CC70E8BF-E4B8-4738-9EBF-C63099962AD5}.Debug|x64.Build.0 = Debug|x64
		{CC70E8BF-E4B8-4738-9EBF-C63099962AD5}.Debug|x86.ActiveCfg = Debug|Win32
		{CC70E8BF-E4B8-4738-9EBF-C63099962AD5}.Debug|x86.Build.0 = Debug|Win32
		{CC70E8BF-E4B8-4738-9EBF-C63099962AD5}.Release|x64.ActiveCfg = Release|x64
		{CC70E8BF-E4B8-4738-9EBF-C63099962AD5}.Release|x64.Build.0 = Release|x64
		{CC70E8BF-E4B8-4738-9EBF-C63099962AD5}.Release|x86.ActiveCfg = Release|Win32
		{CC70E8BF-E4B8-4738-9EBF-C63099962AD5}.Release|x86.Build.0 = Release|Win32
		{D28BF512-E27A-48F4-9010-2E810E16FFD5}.Debug|x64.ActiveCfg = Debug|x64
		{D28BF512-E27A-48F4-9010-2E810E16FFD5}.Debug|x64.Build.0 = Debug|x64
		{D28BF512-E27A-48F4-9010-2E810E16FFD5}.Debug|x86.ActiveCfg = Debug|Win32
		{D28BF512-E27A-48F4-9010-2E810E16FFD5}.Debug|x86.Build.0 = Debug|Win32
		{D28BF512-E27A-48F4-9010-2E810E16FFD5}.Release|x64.ActiveCfg = Release|x64
		{D28BF512-E27A-48F4-9010-2E810E16FFD5}.Release|x64.Build.0 = Release|x64
		{D28BF512-E27A-48F4-9010-2E810E16FFD5}.Release|x86.ActiveCfg = Release|Win32
		{D28BF512-E27A-48F4-9010-2E810E16FFD5}.Release|x86.Build.0 = Release|Win32
	EndGlobalSection
	GlobalSection(SolutionProperties) = preSolution
		HideSolutionNode = FALSE
	EndGlobalSection
	GlobalSection(ExtensibilityGlobals) = postSolution
		SolutionGuid = {554CEF69-AC9B-4F24-81FE-2E9DA643130F}
	EndGlobalSection
EndGlobal
